# @generated by Move, please check-in and do not edit manually.

[move]
version = 3
manifest_digest = "4978D765B25F2084660DC487C9A883D6EA2808677EF0EFB83C31D9533411F492"
deps_digest = "3C4103934B1E040BB6B23F1D610B4EF9F2F1166A50A104EADCF77467C004C600"
dependencies = [
  { id = "MoveStdlib", name = "MoveStdlib" },
  { id = "One", name = "One" },
]

[[move.package]]
id = "MoveStdlib"
source = { local = "../../onechain/crates/sui-framework/packages/move-stdlib" }

[[move.package]]
id = "One"
source = { local = "../../onechain/crates/sui-framework/packages/one-framework" }

dependencies = [
  { id = "MoveStdlib", name = "MoveStdlib" },
]

[move.toolchain-version]
compiler-version = "1.1.1"
edition = "2024.beta"
flavor = "one"

[env]

[env.testnet]
chain-id = "1bd5c965"
original-published-id = "0x71a7ceb050b8a5baa82ef9cd0a694c336099f1b5277db5f57896bfae07783aad"
latest-published-id = "0x71a7ceb050b8a5baa82ef9cd0a694c336099f1b5277db5f57896bfae07783aad"
published-version = "1"
